
Microsoft Visual Studio Solution File, Format Version 12.00
# Visual Studio Version 16
VisualStudioVersion = 16.0.29613.14
MinimumVisualStudioVersion = 10.0.40219.1
Project("{FAE04EC0-301F-11D3-BF4B-00C04F79EFBC}") = "Dell Fan Control", "Dell Fan Control\Dell Fan Control.csproj", "{93B9986C-C13F-40C6-A018-A66FBFDF5E62}"
EndProject
Global
	GlobalSection(SolutionConfigurationPlatforms) = preSolution
		Debug|Any CPU = Debug|Any CPU
		Release|Any CPU = Release|Any CPU
	EndGlobalSection
	GlobalSection(ProjectConfigurationPlatforms) = postSolution
		{93B9986C-C13F-40C6-A018-A66FBFDF5E62}.Debug|Any CPU.ActiveCfg = Debug|Any CPU
		{93B9986C-C13F-40C6-A018-A66FBFDF5E62}.Debug|Any CPU.Build.0 = Debug|Any CPU
		{93B9986C-C13F-40C6-A018-A66FBFDF5E62}.Release|Any CPU.ActiveCfg = Release|Any CPU
		{93B9986C-C13F-40C6-A018-A66FBFDF5E62}.Release|Any CPU.Build.0 = Release|Any CPU
	EndGlobalSection
	GlobalSection(SolutionProperties) = preSolution
		HideSolutionNode = FALSE
	EndGlobalSection
	GlobalSection(ExtensibilityGlobals) = postSolution
		SolutionGuid = {B46635AF-B67B-4DB6-A500-35732969E353}
	EndGlobalSection
EndGlobal
